
Microsoft Visual Studio Solution File, Format Version 12.00
# Visual Studio Version 17
VisualStudioVersion = 17.8.34330.188
MinimumVisualStudioVersion = 10.0.40219.1
Project("{9A19103F-16F7-4668-BE54-9A1E7A4F7556}") = "01_Algoritma", "01_Algoritma\01_Algoritma.csproj", "{5FA73681-6556-4CE2-B788-27ECE7B9ED05}"
EndProject
Project("{9A19103F-16F7-4668-BE54-9A1E7A4F7556}") = "02_Degiskenler_VeriTipleri", "02_Degiskenler_VeriTipleri\02_Degiskenler_VeriTipleri.csproj", "{A648BA9F-7E53-4647-8910-902CD478CD84}"
EndProject
Project("{9A19103F-16F7-4668-BE54-9A1E7A4F7556}") = "03_Operatorler_VeriTipiDonusumleri", "03_Operatorler_VeriTipiDonusumleri\03_Operatorler_VeriTipiDonusumleri.csproj", "{13CE73C2-750D-4847-95AE-DFE954012313}"
EndProject
Project("{9A19103F-16F7-4668-BE54-9A1E7A4F7556}") = "04_VeriTipiDonusumleri", "04_VeriTipiDonusumleri\04_VeriTipiDonusumleri.csproj", "{C408A2AC-911B-416A-8160-1B4CF97C31CE}"
EndProject
Project("{9A19103F-16F7-4668-BE54-9A1E7A4F7556}") = "05_If_Elseif_Else", "05_If_Elseif_Else\05_If_Elseif_Else.csproj", "{7FC0C4A2-2856-45EA-8C33-A8B8B7E15E5E}"
EndProject
Project("{9A19103F-16F7-4668-BE54-9A1E7A4F7556}") = "06_Switch_Case", "06_Switch_Case\06_Switch_Case.csproj", "{C5575FC4-4766-441C-8B17-4D8B3D995319}"
EndProject
Project("{9A19103F-16F7-4668-BE54-9A1E7A4F7556}") = "07_While_Loop", "07_While_Loop\07_While_Loop.csproj", "{C0D5ED27-DB48-471F-91B6-7D53EB123D95}"
EndProject
Project("{9A19103F-16F7-4668-BE54-9A1E7A4F7556}") = "07_Bankamatik", "07_Bankamatik\07_Bankamatik.csproj", "{78DAA50D-C7C3-4181-94D6-0C1B76275A89}"
EndProject
Project("{9A19103F-16F7-4668-BE54-9A1E7A4F7556}") = "07_For_Loop", "07_For_Loop\07_For_Loop.csproj", "{0F37E7B1-92E7-47B1-90F7-9B61A29FD74E}"
EndProject
Project("{9A19103F-16F7-4668-BE54-9A1E7A4F7556}") = "07_DoWhile_Loop", "07_DoWhile_Loop\07_DoWhile_Loop.csproj", "{A64170D1-45A2-497B-89F0-B679146B7FCB}"
EndProject
Project("{9A19103F-16F7-4668-BE54-9A1E7A4F7556}") = "08_Random", "08_Random\08_Random.csproj", "{43F399CA-6B7B-4086-8798-2DB8E669ED79}"
EndProject
Project("{9A19103F-16F7-4668-BE54-9A1E7A4F7556}") = "09_Try_Catch", "09_Try_Catch\09_Try_Catch.csproj", "{A1414E90-CBAC-48B0-BFD6-88EA87680BD1}"
EndProject
Project("{9A19103F-16F7-4668-BE54-9A1E7A4F7556}") = "10_Arrays", "10_Arrays\10_Arrays.csproj", "{7B869E3C-CC3E-4C91-99E1-DC34936E9ACF}"
EndProject
Project("{9A19103F-16F7-4668-BE54-9A1E7A4F7556}") = "11_Otomat_Makinesi", "11_Otomat_Makinesi\11_Otomat_Makinesi.csproj", "{CA710556-039A-4D2B-93BF-A96E5CA780CD}"
EndProject
Project("{9A19103F-16F7-4668-BE54-9A1E7A4F7556}") = "12_Methods", "12_Methods\12_Methods.csproj", "{A68AF01B-29B9-4728-9D5E-E6BA3E8FC349}"
EndProject
Project("{9A19103F-16F7-4668-BE54-9A1E7A4F7556}") = "12_Methods_1", "12_Methods_1\12_Methods_1.csproj", "{19D8126F-67E4-4A6C-B0A6-41300DA04709}"
EndProject
Project("{9A19103F-16F7-4668-BE54-9A1E7A4F7556}") = "12_Methods_2", "12_Methods_2\12_Methods_2.csproj", "{3DC5E15D-25C9-47BC-9CE5-4FD2369EBCC1}"
EndProject
Project("{9A19103F-16F7-4668-BE54-9A1E7A4F7556}") = "11_Otomat_Makinesi_1", "11_Otomat_Makinesi_1\11_Otomat_Makinesi_1.csproj", "{192B4EED-992B-48A4-BDE0-5B55A0B77BB6}"
EndProject
Project("{9A19103F-16F7-4668-BE54-9A1E7A4F7556}") = "12_Methods_3", "12_Methods_3\12_Methods_3.csproj", "{F569351B-3F59-46A7-BA84-7ED01DADC212}"
EndProject
Project("{9A19103F-16F7-4668-BE54-9A1E7A4F7556}") = "12_Methods_4", "12_Methods_4\12_Methods_4.csproj", "{EAF840FE-BDF9-4ECE-A038-E135F9331FF9}"
EndProject
Project("{9A19103F-16F7-4668-BE54-9A1E7A4F7556}") = "12_Methods_5", "12_Methods_5\12_Methods_5.csproj", "{DE669398-954D-40CA-87D0-5FD766E803DB}"
EndProject
Project("{9A19103F-16F7-4668-BE54-9A1E7A4F7556}") = "12_Methods_6", "12_Methods_6\12_Methods_6.csproj", "{DF8A85F6-9DC0-4DA8-9AE1-13AFE793870F}"
EndProject
Project("{9A19103F-16F7-4668-BE54-9A1E7A4F7556}") = "12_Methods_7", "12_Methods_7\12_Methods_7.csproj", "{024319A2-FF24-4405-BBD1-98ECA5F69E2D}"
EndProject
Project("{9A19103F-16F7-4668-BE54-9A1E7A4F7556}") = "12_Methods_8", "12_Methods_8\12_Methods_8.csproj", "{96ADBA2D-BA8E-4B11-9CC3-B4FFE92711C0}"
EndProject
Project("{9A19103F-16F7-4668-BE54-9A1E7A4F7556}") = "12_Methods_9", "12_Methods_9\12_Methods_9.csproj", "{52B5BB75-A947-45C8-8F32-BE83B12F9FD0}"
EndProject
Project("{9A19103F-16F7-4668-BE54-9A1E7A4F7556}") = "12_Methods_10_Recursive", "12_Methods_10_Recursive\12_Methods_10_Recursive.csproj", "{1D7000BD-472E-4FE2-BA5F-69076C29DD73}"
EndProject
Project("{9A19103F-16F7-4668-BE54-9A1E7A4F7556}") = "12_Methods_11_IsNull", "12_Methods_11_IsNull\12_Methods_11_IsNull.csproj", "{713A92FB-5F4B-4A63-9056-12D52DB822A9}"
EndProject
Project("{9A19103F-16F7-4668-BE54-9A1E7A4F7556}") = "13_ArrayList_1", "13_ArrayList_1\13_ArrayList_1.csproj", "{CF219200-665D-413A-9A70-2BC6C3D12F77}"
EndProject
Project("{9A19103F-16F7-4668-BE54-9A1E7A4F7556}") = "13_ArrayList_2_ManavOtomasyonu", "13_ArrayList_2_ManavOtomasyonu\13_ArrayList_2_ManavOtomasyonu.csproj", "{F813618C-BF56-449D-813D-E6D7EF1B6CF3}"
EndProject
Project("{9A19103F-16F7-4668-BE54-9A1E7A4F7556}") = "14_SortedList_QueueList", "14_SortedList_QueueList\14_SortedList_QueueList.csproj", "{0D2FAFDC-5114-495C-8834-718E7EC54ED1}"
EndProject
Project("{9A19103F-16F7-4668-BE54-9A1E7A4F7556}") = "15_List", "15_List\15_List.csproj", "{3E5E0C83-97C9-4E1B-A371-6DFF5E049921}"
EndProject
Project("{9A19103F-16F7-4668-BE54-9A1E7A4F7556}") = "16_Class_Object", "16_Class_Object\16_Class_Object.csproj", "{BED1CB02-9EC8-4697-B59F-DD523DF24F0E}"
EndProject
Project("{9A19103F-16F7-4668-BE54-9A1E7A4F7556}") = "16_Class_Object_2_Methods", "16_Class_Object_2_Methods\16_Class_Object_2_Methods.csproj", "{08BF5AE6-F318-4754-8946-3F7AA126E67A}"
EndProject
Project("{9A19103F-16F7-4668-BE54-9A1E7A4F7556}") = "16_Class_Object_4_This", "16_Class_Object_this\16_Class_Object_4_This.csproj", "{0A2ADC9B-B21E-47C3-AC31-7A53014A4C5F}"
EndProject
Project("{9A19103F-16F7-4668-BE54-9A1E7A4F7556}") = "16_Class_Object_3_Enum", "16_Class_Object_3_Enum\16_Class_Object_3_Enum.csproj", "{CF0862B1-8850-4785-8CDA-D95A052264EA}"
EndProject
Project("{9A19103F-16F7-4668-BE54-9A1E7A4F7556}") = "16_Class_Object_5_Constructor", "16_Class_Object_5_Constructor\16_Class_Object_5_Constructor.csproj", "{B659E8BC-F89A-45ED-8FE1-BD8E83D6DA07}"
EndProject
Project("{9A19103F-16F7-4668-BE54-9A1E7A4F7556}") = "16_Class_Object_5_Constructor_2", "16_Class_Object_5_Constructor_2\16_Class_Object_5_Constructor_2.csproj", "{92C60CA8-76E9-4D2F-80AD-855E96A4D031}"
EndProject
Project("{9A19103F-16F7-4668-BE54-9A1E7A4F7556}") = "17_OOP_1_Encapsulation", "17_OOP_1_Encapsulation\17_OOP_1_Encapsulation.csproj", "{63A888F8-53F7-45E7-A6B1-34833F212CBA}"
EndProject
Project("{9A19103F-16F7-4668-BE54-9A1E7A4F7556}") = "16_Restaurant_Otomasyonu", "16_Restaurant_Otomasyonu\16_Restaurant_Otomasyonu.csproj", "{2057A581-5263-4C73-8532-D64779B04457}"
EndProject
Project("{9A19103F-16F7-4668-BE54-9A1E7A4F7556}") = "17_OOP_2_Encapsulation", "17_OOP_2_Encapsulation\17_OOP_2_Encapsulation.csproj", "{FF56FFDA-DD6F-4F1D-9559-73A3DFC4FD2A}"
EndProject
Project("{9A19103F-16F7-4668-BE54-9A1E7A4F7556}") = "17_OOP_3_Inheritance", "17_OOP_3_Inheritance\17_OOP_3_Inheritance.csproj", "{B6477266-6F41-413E-9B17-18F966E2716F}"
EndProject
Project("{9A19103F-16F7-4668-BE54-9A1E7A4F7556}") = "17_OOP_3_Inheritance_2", "17_OOP_3_Inheritance_2\17_OOP_3_Inheritance_2.csproj", "{BAA73418-3413-44E5-818C-8B5AA763EDB8}"
EndProject
Project("{9A19103F-16F7-4668-BE54-9A1E7A4F7556}") = "17_OOP_3_Inheritance_3", "17_OOP_3_Inheritance_3\17_OOP_3_Inheritance_3.csproj", "{5D9FE234-CDE6-4BC3-B2B9-D3B5FB9C6515}"
EndProject
Project("{9A19103F-16F7-4668-BE54-9A1E7A4F7556}") = "17_OOP_3_Inheritance_4_NameHiding", "17_OOP_3_Inheritance_4_NameHiding\17_OOP_3_Inheritance_4_NameHiding.csproj", "{B863B7D3-E659-4264-BB04-9236A14479D5}"
EndProject
Project("{9A19103F-16F7-4668-BE54-9A1E7A4F7556}") = "17_OOP_3_Inheritance_5", "17_OOP_3_Inheritance_5\17_OOP_3_Inheritance_5.csproj", "{69F9F2CF-5929-413D-AE82-518CE45826BF}"
EndProject
Project("{FAE04EC0-301F-11D3-BF4B-00C04F79EFBC}") = "17_OOP_4_Polymorphism", "17_OOP_4_Polymorphism\17_OOP_4_Polymorphism.csproj", "{EE4A28C1-B607-4E14-A85E-DCE9595C9043}"
EndProject
Project("{FAE04EC0-301F-11D3-BF4B-00C04F79EFBC}") = "17_OOP_4_Polymorphism_2", "17_OOP_4_Polymorphism_2\17_OOP_4_Polymorphism_2.csproj", "{29C13E13-D12D-408B-8CFF-91B74849C620}"
EndProject
Project("{FAE04EC0-301F-11D3-BF4B-00C04F79EFBC}") = "17_OOP_4_Polymorphism_3", "17_OOP_4_Polymorphism_3\17_OOP_4_Polymorphism_3.csproj", "{1D70F2D9-B8D1-4E62-BEC0-D220FBF370A1}"
EndProject
Global
	GlobalSection(SolutionConfigurationPlatforms) = preSolution
		Debug|Any CPU = Debug|Any CPU
		Release|Any CPU = Release|Any CPU
	EndGlobalSection
	GlobalSection(ProjectConfigurationPlatforms) = postSolution
		{5FA73681-6556-4CE2-B788-27ECE7B9ED05}.Debug|Any CPU.ActiveCfg = Debug|Any CPU
		{5FA73681-6556-4CE2-B788-27ECE7B9ED05}.Debug|Any CPU.Build.0 = Debug|Any CPU
		{5FA73681-6556-4CE2-B788-27ECE7B9ED05}.Release|Any CPU.ActiveCfg = Release|Any CPU
		{5FA73681-6556-4CE2-B788-27ECE7B9ED05}.Release|Any CPU.Build.0 = Release|Any CPU
		{A648BA9F-7E53-4647-8910-902CD478CD84}.Debug|Any CPU.ActiveCfg = Debug|Any CPU
		{A648BA9F-7E53-4647-8910-902CD478CD84}.Debug|Any CPU.Build.0 = Debug|Any CPU
		{A648BA9F-7E53-4647-8910-902CD478CD84}.Release|Any CPU.ActiveCfg = Release|Any CPU
		{A648BA9F-7E53-4647-8910-902CD478CD84}.Release|Any CPU.Build.0 = Release|Any CPU
		{13CE73C2-750D-4847-95AE-DFE954012313}.Debug|Any CPU.ActiveCfg = Debug|Any CPU
		{13CE73C2-750D-4847-95AE-DFE954012313}.Debug|Any CPU.Build.0 = Debug|Any CPU
		{13CE73C2-750D-4847-95AE-DFE954012313}.Release|Any CPU.ActiveCfg = Release|Any CPU
		{13CE73C2-750D-4847-95AE-DFE954012313}.Release|Any CPU.Build.0 = Release|Any CPU
		{C408A2AC-911B-416A-8160-1B4CF97C31CE}.Debug|Any CPU.ActiveCfg = Debug|Any CPU
		{C408A2AC-911B-416A-8160-1B4CF97C31CE}.Debug|Any CPU.Build.0 = Debug|Any CPU
		{C408A2AC-911B-416A-8160-1B4CF97C31CE}.Release|Any CPU.ActiveCfg = Release|Any CPU
		{C408A2AC-911B-416A-8160-1B4CF97C31CE}.Release|Any CPU.Build.0 = Release|Any CPU
		{7FC0C4A2-2856-45EA-8C33-A8B8B7E15E5E}.Debug|Any CPU.ActiveCfg = Debug|Any CPU
		{7FC0C4A2-2856-45EA-8C33-A8B8B7E15E5E}.Debug|Any CPU.Build.0 = Debug|Any CPU
		{7FC0C4A2-2856-45EA-8C33-A8B8B7E15E5E}.Release|Any CPU.ActiveCfg = Release|Any CPU
		{7FC0C4A2-2856-45EA-8C33-A8B8B7E15E5E}.Release|Any CPU.Build.0 = Release|Any CPU
		{C5575FC4-4766-441C-8B17-4D8B3D995319}.Debug|Any CPU.ActiveCfg = Debug|Any CPU
		{C5575FC4-4766-441C-8B17-4D8B3D995319}.Debug|Any CPU.Build.0 = Debug|Any CPU
		{C5575FC4-4766-441C-8B17-4D8B3D995319}.Release|Any CPU.ActiveCfg = Release|Any CPU
		{C5575FC4-4766-441C-8B17-4D8B3D995319}.Release|Any CPU.Build.0 = Release|Any CPU
		{C0D5ED27-DB48-471F-91B6-7D53EB123D95}.Debug|Any CPU.ActiveCfg = Debug|Any CPU
		{C0D5ED27-DB48-471F-91B6-7D53EB123D95}.Debug|Any CPU.Build.0 = Debug|Any CPU
		{C0D5ED27-DB48-471F-91B6-7D53EB123D95}.Release|Any CPU.ActiveCfg = Release|Any CPU
		{C0D5ED27-DB48-471F-91B6-7D53EB123D95}.Release|Any CPU.Build.0 = Release|Any CPU
		{78DAA50D-C7C3-4181-94D6-0C1B76275A89}.Debug|Any CPU.ActiveCfg = Debug|Any CPU
		{78DAA50D-C7C3-4181-94D6-0C1B76275A89}.Debug|Any CPU.Build.0 = Debug|Any CPU
		{78DAA50D-C7C3-4181-94D6-0C1B76275A89}.Release|Any CPU.ActiveCfg = Release|Any CPU
		{78DAA50D-C7C3-4181-94D6-0C1B76275A89}.Release|Any CPU.Build.0 = Release|Any CPU
		{0F37E7B1-92E7-47B1-90F7-9B61A29FD74E}.Debug|Any CPU.ActiveCfg = Debug|Any CPU
		{0F37E7B1-92E7-47B1-90F7-9B61A29FD74E}.Debug|Any CPU.Build.0 = Debug|Any CPU
		{0F37E7B1-92E7-47B1-90F7-9B61A29FD74E}.Release|Any CPU.ActiveCfg = Release|Any CPU
		{0F37E7B1-92E7-47B1-90F7-9B61A29FD74E}.Release|Any CPU.Build.0 = Release|Any CPU
		{A64170D1-45A2-497B-89F0-B679146B7FCB}.Debug|Any CPU.ActiveCfg = Debug|Any CPU
		{A64170D1-45A2-497B-89F0-B679146B7FCB}.Debug|Any CPU.Build.0 = Debug|Any CPU
		{A64170D1-45A2-497B-89F0-B679146B7FCB}.Release|Any CPU.ActiveCfg = Release|Any CPU
		{A64170D1-45A2-497B-89F0-B679146B7FCB}.Release|Any CPU.Build.0 = Release|Any CPU
		{43F399CA-6B7B-4086-8798-2DB8E669ED79}.Debug|Any CPU.ActiveCfg = Debug|Any CPU
		{43F399CA-6B7B-4086-8798-2DB8E669ED79}.Debug|Any CPU.Build.0 = Debug|Any CPU
		{43F399CA-6B7B-4086-8798-2DB8E669ED79}.Release|Any CPU.ActiveCfg = Release|Any CPU
		{43F399CA-6B7B-4086-8798-2DB8E669ED79}.Release|Any CPU.Build.0 = Release|Any CPU
		{A1414E90-CBAC-48B0-BFD6-88EA87680BD1}.Debug|Any CPU.ActiveCfg = Debug|Any CPU
		{A1414E90-CBAC-48B0-BFD6-88EA87680BD1}.Debug|Any CPU.Build.0 = Debug|Any CPU
		{A1414E90-CBAC-48B0-BFD6-88EA87680BD1}.Release|Any CPU.ActiveCfg = Release|Any CPU
		{A1414E90-CBAC-48B0-BFD6-88EA87680BD1}.Release|Any CPU.Build.0 = Release|Any CPU
		{7B869E3C-CC3E-4C91-99E1-DC34936E9ACF}.Debug|Any CPU.ActiveCfg = Debug|Any CPU
		{7B869E3C-CC3E-4C91-99E1-DC34936E9ACF}.Debug|Any CPU.Build.0 = Debug|Any CPU
		{7B869E3C-CC3E-4C91-99E1-DC34936E9ACF}.Release|Any CPU.ActiveCfg = Release|Any CPU
		{7B869E3C-CC3E-4C91-99E1-DC34936E9ACF}.Release|Any CPU.Build.0 = Release|Any CPU
		{CA710556-039A-4D2B-93BF-A96E5CA780CD}.Debug|Any CPU.ActiveCfg = Debug|Any CPU
		{CA710556-039A-4D2B-93BF-A96E5CA780CD}.Debug|Any CPU.Build.0 = Debug|Any CPU
		{CA710556-039A-4D2B-93BF-A96E5CA780CD}.Release|Any CPU.ActiveCfg = Release|Any CPU
		{CA710556-039A-4D2B-93BF-A96E5CA780CD}.Release|Any CPU.Build.0 = Release|Any CPU
		{A68AF01B-29B9-4728-9D5E-E6BA3E8FC349}.Debug|Any CPU.ActiveCfg = Debug|Any CPU
		{A68AF01B-29B9-4728-9D5E-E6BA3E8FC349}.Debug|Any CPU.Build.0 = Debug|Any CPU
		{A68AF01B-29B9-4728-9D5E-E6BA3E8FC349}.Release|Any CPU.ActiveCfg = Release|Any CPU
		{A68AF01B-29B9-4728-9D5E-E6BA3E8FC349}.Release|Any CPU.Build.0 = Release|Any CPU
		{19D8126F-67E4-4A6C-B0A6-41300DA04709}.Debug|Any CPU.ActiveCfg = Debug|Any CPU
		{19D8126F-67E4-4A6C-B0A6-41300DA04709}.Debug|Any CPU.Build.0 = Debug|Any CPU
		{19D8126F-67E4-4A6C-B0A6-41300DA04709}.Release|Any CPU.ActiveCfg = Release|Any CPU
		{19D8126F-67E4-4A6C-B0A6-41300DA04709}.Release|Any CPU.Build.0 = Release|Any CPU
		{3DC5E15D-25C9-47BC-9CE5-4FD2369EBCC1}.Debug|Any CPU.ActiveCfg = Debug|Any CPU
		{3DC5E15D-25C9-47BC-9CE5-4FD2369EBCC1}.Debug|Any CPU.Build.0 = Debug|Any CPU
		{3DC5E15D-25C9-47BC-9CE5-4FD2369EBCC1}.Release|Any CPU.ActiveCfg = Release|Any CPU
		{3DC5E15D-25C9-47BC-9CE5-4FD2369EBCC1}.Release|Any CPU.Build.0 = Release|Any CPU
		{192B4EED-992B-48A4-BDE0-5B55A0B77BB6}.Debug|Any CPU.ActiveCfg = Debug|Any CPU
		{192B4EED-992B-48A4-BDE0-5B55A0B77BB6}.Debug|Any CPU.Build.0 = Debug|Any CPU
		{192B4EED-992B-48A4-BDE0-5B55A0B77BB6}.Release|Any CPU.ActiveCfg = Release|Any CPU
		{192B4EED-992B-48A4-BDE0-5B55A0B77BB6}.Release|Any CPU.Build.0 = Release|Any CPU
		{F569351B-3F59-46A7-BA84-7ED01DADC212}.Debug|Any CPU.ActiveCfg = Debug|Any CPU
		{F569351B-3F59-46A7-BA84-7ED01DADC212}.Debug|Any CPU.Build.0 = Debug|Any CPU
		{F569351B-3F59-46A7-BA84-7ED01DADC212}.Release|Any CPU.ActiveCfg = Release|Any CPU
		{F569351B-3F59-46A7-BA84-7ED01DADC212}.Release|Any CPU.Build.0 = Release|Any CPU
		{EAF840FE-BDF9-4ECE-A038-E135F9331FF9}.Debug|Any CPU.ActiveCfg = Debug|Any CPU
		{EAF840FE-BDF9-4ECE-A038-E135F9331FF9}.Debug|Any CPU.Build.0 = Debug|Any CPU
		{EAF840FE-BDF9-4ECE-A038-E135F9331FF9}.Release|Any CPU.ActiveCfg = Release|Any CPU
		{EAF840FE-BDF9-4ECE-A038-E135F9331FF9}.Release|Any CPU.Build.0 = Release|Any CPU
		{DE669398-954D-40CA-87D0-5FD766E803DB}.Debug|Any CPU.ActiveCfg = Debug|Any CPU
		{DE669398-954D-40CA-87D0-5FD766E803DB}.Debug|Any CPU.Build.0 = Debug|Any CPU
		{DE669398-954D-40CA-87D0-5FD766E803DB}.Release|Any CPU.ActiveCfg = Release|Any CPU
		{DE669398-954D-40CA-87D0-5FD766E803DB}.Release|Any CPU.Build.0 = Release|Any CPU
		{DF8A85F6-9DC0-4DA8-9AE1-13AFE793870F}.Debug|Any CPU.ActiveCfg = Debug|Any CPU
		{DF8A85F6-9DC0-4DA8-9AE1-13AFE793870F}.Debug|Any CPU.Build.0 = Debug|Any CPU
		{DF8A85F6-9DC0-4DA8-9AE1-13AFE793870F}.Release|Any CPU.ActiveCfg = Release|Any CPU
		{DF8A85F6-9DC0-4DA8-9AE1-13AFE793870F}.Release|Any CPU.Build.0 = Release|Any CPU
		{024319A2-FF24-4405-BBD1-98ECA5F69E2D}.Debug|Any CPU.ActiveCfg = Debug|Any CPU
		{024319A2-FF24-4405-BBD1-98ECA5F69E2D}.Debug|Any CPU.Build.0 = Debug|Any CPU
		{024319A2-FF24-4405-BBD1-98ECA5F69E2D}.Release|Any CPU.ActiveCfg = Release|Any CPU
		{024319A2-FF24-4405-BBD1-98ECA5F69E2D}.Release|Any CPU.Build.0 = Release|Any CPU
		{96ADBA2D-BA8E-4B11-9CC3-B4FFE92711C0}.Debug|Any CPU.ActiveCfg = Debug|Any CPU
		{96ADBA2D-BA8E-4B11-9CC3-B4FFE92711C0}.Debug|Any CPU.Build.0 = Debug|Any CPU
		{96ADBA2D-BA8E-4B11-9CC3-B4FFE92711C0}.Release|Any CPU.ActiveCfg = Release|Any CPU
		{96ADBA2D-BA8E-4B11-9CC3-B4FFE92711C0}.Release|Any CPU.Build.0 = Release|Any CPU
		{52B5BB75-A947-45C8-8F32-BE83B12F9FD0}.Debug|Any CPU.ActiveCfg = Debug|Any CPU
		{52B5BB75-A947-45C8-8F32-BE83B12F9FD0}.Debug|Any CPU.Build.0 = Debug|Any CPU
		{52B5BB75-A947-45C8-8F32-BE83B12F9FD0}.Release|Any CPU.ActiveCfg = Release|Any CPU
		{52B5BB75-A947-45C8-8F32-BE83B12F9FD0}.Release|Any CPU.Build.0 = Release|Any CPU
		{1D7000BD-472E-4FE2-BA5F-69076C29DD73}.Debug|Any CPU.ActiveCfg = Debug|Any CPU
		{1D7000BD-472E-4FE2-BA5F-69076C29DD73}.Debug|Any CPU.Build.0 = Debug|Any CPU
		{1D7000BD-472E-4FE2-BA5F-69076C29DD73}.Release|Any CPU.ActiveCfg = Release|Any CPU
		{1D7000BD-472E-4FE2-BA5F-69076C29DD73}.Release|Any CPU.Build.0 = Release|Any CPU
		{713A92FB-5F4B-4A63-9056-12D52DB822A9}.Debug|Any CPU.ActiveCfg = Debug|Any CPU
		{713A92FB-5F4B-4A63-9056-12D52DB822A9}.Debug|Any CPU.Build.0 = Debug|Any CPU
		{713A92FB-5F4B-4A63-9056-12D52DB822A9}.Release|Any CPU.ActiveCfg = Release|Any CPU
		{713A92FB-5F4B-4A63-9056-12D52DB822A9}.Release|Any CPU.Build.0 = Release|Any CPU
		{CF219200-665D-413A-9A70-2BC6C3D12F77}.Debug|Any CPU.ActiveCfg = Debug|Any CPU
		{CF219200-665D-413A-9A70-2BC6C3D12F77}.Debug|Any CPU.Build.0 = Debug|Any CPU
		{CF219200-665D-413A-9A70-2BC6C3D12F77}.Release|Any CPU.ActiveCfg = Release|Any CPU
		{CF219200-665D-413A-9A70-2BC6C3D12F77}.Release|Any CPU.Build.0 = Release|Any CPU
		{F813618C-BF56-449D-813D-E6D7EF1B6CF3}.Debug|Any CPU.ActiveCfg = Debug|Any CPU
		{F813618C-BF56-449D-813D-E6D7EF1B6CF3}.Debug|Any CPU.Build.0 = Debug|Any CPU
		{F813618C-BF56-449D-813D-E6D7EF1B6CF3}.Release|Any CPU.ActiveCfg = Release|Any CPU
		{F813618C-BF56-449D-813D-E6D7EF1B6CF3}.Release|Any CPU.Build.0 = Release|Any CPU
		{0D2FAFDC-5114-495C-8834-718E7EC54ED1}.Debug|Any CPU.ActiveCfg = Debug|Any CPU
		{0D2FAFDC-5114-495C-8834-718E7EC54ED1}.Debug|Any CPU.Build.0 = Debug|Any CPU
		{0D2FAFDC-5114-495C-8834-718E7EC54ED1}.Release|Any CPU.ActiveCfg = Release|Any CPU
		{0D2FAFDC-5114-495C-8834-718E7EC54ED1}.Release|Any CPU.Build.0 = Release|Any CPU
		{3E5E0C83-97C9-4E1B-A371-6DFF5E049921}.Debug|Any CPU.ActiveCfg = Debug|Any CPU
		{3E5E0C83-97C9-4E1B-A371-6DFF5E049921}.Debug|Any CPU.Build.0 = Debug|Any CPU
		{3E5E0C83-97C9-4E1B-A371-6DFF5E049921}.Release|Any CPU.ActiveCfg = Release|Any CPU
		{3E5E0C83-97C9-4E1B-A371-6DFF5E049921}.Release|Any CPU.Build.0 = Release|Any CPU
		{BED1CB02-9EC8-4697-B59F-DD523DF24F0E}.Debug|Any CPU.ActiveCfg = Debug|Any CPU
		{BED1CB02-9EC8-4697-B59F-DD523DF24F0E}.Debug|Any CPU.Build.0 = Debug|Any CPU
		{BED1CB02-9EC8-4697-B59F-DD523DF24F0E}.Release|Any CPU.ActiveCfg = Release|Any CPU
		{BED1CB02-9EC8-4697-B59F-DD523DF24F0E}.Release|Any CPU.Build.0 = Release|Any CPU
		{08BF5AE6-F318-4754-8946-3F7AA126E67A}.Debug|Any CPU.ActiveCfg = Debug|Any CPU
		{08BF5AE6-F318-4754-8946-3F7AA126E67A}.Debug|Any CPU.Build.0 = Debug|Any CPU
		{08BF5AE6-F318-4754-8946-3F7AA126E67A}.Release|Any CPU.ActiveCfg = Release|Any CPU
		{08BF5AE6-F318-4754-8946-3F7AA126E67A}.Release|Any CPU.Build.0 = Release|Any CPU
		{0A2ADC9B-B21E-47C3-AC31-7A53014A4C5F}.Debug|Any CPU.ActiveCfg = Debug|Any CPU
		{0A2ADC9B-B21E-47C3-AC31-7A53014A4C5F}.Debug|Any CPU.Build.0 = Debug|Any CPU
		{0A2ADC9B-B21E-47C3-AC31-7A53014A4C5F}.Release|Any CPU.ActiveCfg = Release|Any CPU
		{0A2ADC9B-B21E-47C3-AC31-7A53014A4C5F}.Release|Any CPU.Build.0 = Release|Any CPU
		{CF0862B1-8850-4785-8CDA-D95A052264EA}.Debug|Any CPU.ActiveCfg = Debug|Any CPU
		{CF0862B1-8850-4785-8CDA-D95A052264EA}.Debug|Any CPU.Build.0 = Debug|Any CPU
		{CF0862B1-8850-4785-8CDA-D95A052264EA}.Release|Any CPU.ActiveCfg = Release|Any CPU
		{CF0862B1-8850-4785-8CDA-D95A052264EA}.Release|Any CPU.Build.0 = Release|Any CPU
		{B659E8BC-F89A-45ED-8FE1-BD8E83D6DA07}.Debug|Any CPU.ActiveCfg = Debug|Any CPU
		{B659E8BC-F89A-45ED-8FE1-BD8E83D6DA07}.Debug|Any CPU.Build.0 = Debug|Any CPU
		{B659E8BC-F89A-45ED-8FE1-BD8E83D6DA07}.Release|Any CPU.ActiveCfg = Release|Any CPU
		{B659E8BC-F89A-45ED-8FE1-BD8E83D6DA07}.Release|Any CPU.Build.0 = Release|Any CPU
		{92C60CA8-76E9-4D2F-80AD-855E96A4D031}.Debug|Any CPU.ActiveCfg = Debug|Any CPU
		{92C60CA8-76E9-4D2F-80AD-855E96A4D031}.Debug|Any CPU.Build.0 = Debug|Any CPU
		{92C60CA8-76E9-4D2F-80AD-855E96A4D031}.Release|Any CPU.ActiveCfg = Release|Any CPU
		{92C60CA8-76E9-4D2F-80AD-855E96A4D031}.Release|Any CPU.Build.0 = Release|Any CPU
		{63A888F8-53F7-45E7-A6B1-34833F212CBA}.Debug|Any CPU.ActiveCfg = Debug|Any CPU
		{63A888F8-53F7-45E7-A6B1-34833F212CBA}.Debug|Any CPU.Build.0 = Debug|Any CPU
		{63A888F8-53F7-45E7-A6B1-34833F212CBA}.Release|Any CPU.ActiveCfg = Release|Any CPU
		{63A888F8-53F7-45E7-A6B1-34833F212CBA}.Release|Any CPU.Build.0 = Release|Any CPU
		{2057A581-5263-4C73-8532-D64779B04457}.Debug|Any CPU.ActiveCfg = Debug|Any CPU
		{2057A581-5263-4C73-8532-D64779B04457}.Debug|Any CPU.Build.0 = Debug|Any CPU
		{2057A581-5263-4C73-8532-D64779B04457}.Release|Any CPU.ActiveCfg = Release|Any CPU
		{2057A581-5263-4C73-8532-D64779B04457}.Release|Any CPU.Build.0 = Release|Any CPU
		{FF56FFDA-DD6F-4F1D-9559-73A3DFC4FD2A}.Debug|Any CPU.ActiveCfg = Debug|Any CPU
		{FF56FFDA-DD6F-4F1D-9559-73A3DFC4FD2A}.Debug|Any CPU.Build.0 = Debug|Any CPU
		{FF56FFDA-DD6F-4F1D-9559-73A3DFC4FD2A}.Release|Any CPU.ActiveCfg = Release|Any CPU
		{FF56FFDA-DD6F-4F1D-9559-73A3DFC4FD2A}.Release|Any CPU.Build.0 = Release|Any CPU
		{B6477266-6F41-413E-9B17-18F966E2716F}.Debug|Any CPU.ActiveCfg = Debug|Any CPU
		{B6477266-6F41-413E-9B17-18F966E2716F}.Debug|Any CPU.Build.0 = Debug|Any CPU
		{B6477266-6F41-413E-9B17-18F966E2716F}.Release|Any CPU.ActiveCfg = Release|Any CPU
		{B6477266-6F41-413E-9B17-18F966E2716F}.Release|Any CPU.Build.0 = Release|Any CPU
		{BAA73418-3413-44E5-818C-8B5AA763EDB8}.Debug|Any CPU.ActiveCfg = Debug|Any CPU
		{BAA73418-3413-44E5-818C-8B5AA763EDB8}.Debug|Any CPU.Build.0 = Debug|Any CPU
		{BAA73418-3413-44E5-818C-8B5AA763EDB8}.Release|Any CPU.ActiveCfg = Release|Any CPU
		{BAA73418-3413-44E5-818C-8B5AA763EDB8}.Release|Any CPU.Build.0 = Release|Any CPU
		{5D9FE234-CDE6-4BC3-B2B9-D3B5FB9C6515}.Debug|Any CPU.ActiveCfg = Debug|Any CPU
		{5D9FE234-CDE6-4BC3-B2B9-D3B5FB9C6515}.Debug|Any CPU.Build.0 = Debug|Any CPU
		{5D9FE234-CDE6-4BC3-B2B9-D3B5FB9C6515}.Release|Any CPU.ActiveCfg = Release|Any CPU
		{5D9FE234-CDE6-4BC3-B2B9-D3B5FB9C6515}.Release|Any CPU.Build.0 = Release|Any CPU
		{B863B7D3-E659-4264-BB04-9236A14479D5}.Debug|Any CPU.ActiveCfg = Debug|Any CPU
		{B863B7D3-E659-4264-BB04-9236A14479D5}.Debug|Any CPU.Build.0 = Debug|Any CPU
		{B863B7D3-E659-4264-BB04-9236A14479D5}.Release|Any CPU.ActiveCfg = Release|Any CPU
		{B863B7D3-E659-4264-BB04-9236A14479D5}.Release|Any CPU.Build.0 = Release|Any CPU
		{69F9F2CF-5929-413D-AE82-518CE45826BF}.Debug|Any CPU.ActiveCfg = Debug|Any CPU
		{69F9F2CF-5929-413D-AE82-518CE45826BF}.Debug|Any CPU.Build.0 = Debug|Any CPU
		{69F9F2CF-5929-413D-AE82-518CE45826BF}.Release|Any CPU.ActiveCfg = Release|Any CPU
		{69F9F2CF-5929-413D-AE82-518CE45826BF}.Release|Any CPU.Build.0 = Release|Any CPU
		{EE4A28C1-B607-4E14-A85E-DCE9595C9043}.Debug|Any CPU.ActiveCfg = Debug|Any CPU
		{EE4A28C1-B607-4E14-A85E-DCE9595C9043}.Debug|Any CPU.Build.0 = Debug|Any CPU
		{EE4A28C1-B607-4E14-A85E-DCE9595C9043}.Release|Any CPU.ActiveCfg = Release|Any CPU
		{EE4A28C1-B607-4E14-A85E-DCE9595C9043}.Release|Any CPU.Build.0 = Release|Any CPU
		{29C13E13-D12D-408B-8CFF-91B74849C620}.Debug|Any CPU.ActiveCfg = Debug|Any CPU
		{29C13E13-D12D-408B-8CFF-91B74849C620}.Debug|Any CPU.Build.0 = Debug|Any CPU
		{29C13E13-D12D-408B-8CFF-91B74849C620}.Release|Any CPU.ActiveCfg = Release|Any CPU
		{29C13E13-D12D-408B-8CFF-91B74849C620}.Release|Any CPU.Build.0 = Release|Any CPU
		{1D70F2D9-B8D1-4E62-BEC0-D220FBF370A1}.Debug|Any CPU.ActiveCfg = Debug|Any CPU
		{1D70F2D9-B8D1-4E62-BEC0-D220FBF370A1}.Debug|Any CPU.Build.0 = Debug|Any CPU
		{1D70F2D9-B8D1-4E62-BEC0-D220FBF370A1}.Release|Any CPU.ActiveCfg = Release|Any CPU
		{1D70F2D9-B8D1-4E62-BEC0-D220FBF370A1}.Release|Any CPU.Build.0 = Release|Any CPU
	EndGlobalSection
	GlobalSection(SolutionProperties) = preSolution
		HideSolutionNode = FALSE
	EndGlobalSection
	GlobalSection(ExtensibilityGlobals) = postSolution
		SolutionGuid = {B9AC6C96-E3B1-4DEB-BA7E-DA54A252DFA5}
	EndGlobalSection
EndGlobal
