
Microsoft Visual Studio Solution File, Format Version 12.00
# Visual Studio Version 17
VisualStudioVersion = 17.8.34330.188
MinimumVisualStudioVersion = 10.0.40219.1
Project("{9A19103F-16F7-4668-BE54-9A1E7A4F7556}") = "01_Algoritma", "01_Algoritma\01_Algoritma.csproj", "{5FA73681-6556-4CE2-B788-27ECE7B9ED05}"
EndProject
Project("{9A19103F-16F7-4668-BE54-9A1E7A4F7556}") = "02_Degiskenler_VeriTipleri", "02_Degiskenler_VeriTipleri\02_Degiskenler_VeriTipleri.csproj", "{A648BA9F-7E53-4647-8910-902CD478CD84}"
EndProject
Project("{9A19103F-16F7-4668-BE54-9A1E7A4F7556}") = "03_Operatorler_VeriTipiDonusumleri", "03_Operatorler_VeriTipiDonusumleri\03_Operatorler_VeriTipiDonusumleri.csproj", "{13CE73C2-750D-4847-95AE-DFE954012313}"
EndProject
Project("{FAE04EC0-301F-11D3-BF4B-00C04F79EFBC}") = "04_VeriTipiDonusumleri", "04_VeriTipiDonusumleri\04_VeriTipiDonusumleri.csproj", "{C408A2AC-911B-416A-8160-1B4CF97C31CE}"
EndProject
Project("{FAE04EC0-301F-11D3-BF4B-00C04F79EFBC}") = "05_If_Elseif_Else", "05_If_Elseif_Else\05_If_Elseif_Else.csproj", "{7FC0C4A2-2856-45EA-8C33-A8B8B7E15E5E}"
EndProject
Global
	GlobalSection(SolutionConfigurationPlatforms) = preSolution
		Debug|Any CPU = Debug|Any CPU
		Release|Any CPU = Release|Any CPU
	EndGlobalSection
	GlobalSection(ProjectConfigurationPlatforms) = postSolution
		{5FA73681-6556-4CE2-B788-27ECE7B9ED05}.Debug|Any CPU.ActiveCfg = Debug|Any CPU
		{5FA73681-6556-4CE2-B788-27ECE7B9ED05}.Debug|Any CPU.Build.0 = Debug|Any CPU
		{5FA73681-6556-4CE2-B788-27ECE7B9ED05}.Release|Any CPU.ActiveCfg = Release|Any CPU
		{5FA73681-6556-4CE2-B788-27ECE7B9ED05}.Release|Any CPU.Build.0 = Release|Any CPU
		{A648BA9F-7E53-4647-8910-902CD478CD84}.Debug|Any CPU.ActiveCfg = Debug|Any CPU
		{A648BA9F-7E53-4647-8910-902CD478CD84}.Debug|Any CPU.Build.0 = Debug|Any CPU
		{A648BA9F-7E53-4647-8910-902CD478CD84}.Release|Any CPU.ActiveCfg = Release|Any CPU
		{A648BA9F-7E53-4647-8910-902CD478CD84}.Release|Any CPU.Build.0 = Release|Any CPU
		{13CE73C2-750D-4847-95AE-DFE954012313}.Debug|Any CPU.ActiveCfg = Debug|Any CPU
		{13CE73C2-750D-4847-95AE-DFE954012313}.Debug|Any CPU.Build.0 = Debug|Any CPU
		{13CE73C2-750D-4847-95AE-DFE954012313}.Release|Any CPU.ActiveCfg = Release|Any CPU
		{13CE73C2-750D-4847-95AE-DFE954012313}.Release|Any CPU.Build.0 = Release|Any CPU
		{C408A2AC-911B-416A-8160-1B4CF97C31CE}.Debug|Any CPU.ActiveCfg = Debug|Any CPU
		{C408A2AC-911B-416A-8160-1B4CF97C31CE}.Debug|Any CPU.Build.0 = Debug|Any CPU
		{C408A2AC-911B-416A-8160-1B4CF97C31CE}.Release|Any CPU.ActiveCfg = Release|Any CPU
		{C408A2AC-911B-416A-8160-1B4CF97C31CE}.Release|Any CPU.Build.0 = Release|Any CPU
		{7FC0C4A2-2856-45EA-8C33-A8B8B7E15E5E}.Debug|Any CPU.ActiveCfg = Debug|Any CPU
		{7FC0C4A2-2856-45EA-8C33-A8B8B7E15E5E}.Debug|Any CPU.Build.0 = Debug|Any CPU
		{7FC0C4A2-2856-45EA-8C33-A8B8B7E15E5E}.Release|Any CPU.ActiveCfg = Release|Any CPU
		{7FC0C4A2-2856-45EA-8C33-A8B8B7E15E5E}.Release|Any CPU.Build.0 = Release|Any CPU
	EndGlobalSection
	GlobalSection(SolutionProperties) = preSolution
		HideSolutionNode = FALSE
	EndGlobalSection
	GlobalSection(ExtensibilityGlobals) = postSolution
		SolutionGuid = {B9AC6C96-E3B1-4DEB-BA7E-DA54A252DFA5}
	EndGlobalSection
EndGlobal
